{
  "name": "lecture3",
  "version": "1.0.0",
  "lockfileVersion": 3,
  "requires": true,
  "packages": {
    "": {
      "name": "lecture3",
      "version": "1.0.0",
      "license": "ISC",
      "dependencies": {
        "lecture-3-sanam": "^1.0.2"
      }
    },
    "node_modules/lecture-3-sanam": {
      "version": "1.0.2",
      "resolved": "https://registry.npmjs.org/lecture-3-sanam/-/lecture-3-sanam-1.0.2.tgz",
      "integrity": "sha512-SWAi64kpsAD8Kx0mH8sLLNAg2CejQj9NlHXO8QMUtpM7q4uJp4guJ4U/zOsNeew8bf3gHbHBkEYuFAcrGBrKkA==",
      "license": "ISC"
    }
  }
}
